
Microsoft Visual Studio Solution File, Format Version 12.00
# Visual Studio Version 17
VisualStudioVersion = 17.13.35806.99 d17.13
MinimumVisualStudioVersion = 10.0.40219.1
Project("{FAE04EC0-301F-11D3-BF4B-00C04F79EFBC}") = "WFConFin", "WFConFin\WFConFin.csproj", "{76553DC3-232D-4FA2-93C3-A89262DDCCFB}"
EndProject
Global
	GlobalSection(SolutionConfigurationPlatforms) = preSolution
		Debug|Any CPU = Debug|Any CPU
		Release|Any CPU = Release|Any CPU
	EndGlobalSection
	GlobalSection(ProjectConfigurationPlatforms) = postSolution
		{76553DC3-232D-4FA2-93C3-A89262DDCCFB}.Debug|Any CPU.ActiveCfg = Debug|Any CPU
		{76553DC3-232D-4FA2-93C3-A89262DDCCFB}.Debug|Any CPU.Build.0 = Debug|Any CPU
		{76553DC3-232D-4FA2-93C3-A89262DDCCFB}.Release|Any CPU.ActiveCfg = Release|Any CPU
		{76553DC3-232D-4FA2-93C3-A89262DDCCFB}.Release|Any CPU.Build.0 = Release|Any CPU
	EndGlobalSection
	GlobalSection(SolutionProperties) = preSolution
		HideSolutionNode = FALSE
	EndGlobalSection
	GlobalSection(ExtensibilityGlobals) = postSolution
		SolutionGuid = {306ACB8E-ED03-4B9C-87E1-29D2C06EC63D}
	EndGlobalSection
EndGlobal
